
Microsoft Visual Studio Solution File, Format Version 12.00
# Visual Studio 15
VisualStudioVersion = 15.0.28307.757
MinimumVisualStudioVersion = 10.0.40219.1
Project("{9A19103F-16F7-4668-BE54-9A1E7A4F7556}") = "eShopSolution.WebApp", "eShopSolution.WebApp\eShopSolution.WebApp.csproj", "{AC3BE0DC-AE8B-4C9F-9E3C-0FAC777FF006}"
EndProject
Project("{2150E333-8FDC-42A3-9474-1A3956D46DE8}") = "Solution Items", "Solution Items", "{70EFE70E-A219-45AF-A2F0-B98D73048483}"
	ProjectSection(SolutionItems) = preProject
		README.md = README.md
	EndProjectSection
EndProject
Global
	GlobalSection(SolutionConfigurationPlatforms) = preSolution
		Debug|Any CPU = Debug|Any CPU
		Release|Any CPU = Release|Any CPU
	EndGlobalSection
	GlobalSection(ProjectConfigurationPlatforms) = postSolution
		{AC3BE0DC-AE8B-4C9F-9E3C-0FAC777FF006}.Debug|Any CPU.ActiveCfg = Debug|Any CPU
		{AC3BE0DC-AE8B-4C9F-9E3C-0FAC777FF006}.Debug|Any CPU.Build.0 = Debug|Any CPU
		{AC3BE0DC-AE8B-4C9F-9E3C-0FAC777FF006}.Release|Any CPU.ActiveCfg = Release|Any CPU
		{AC3BE0DC-AE8B-4C9F-9E3C-0FAC777FF006}.Release|Any CPU.Build.0 = Release|Any CPU
	EndGlobalSection
	GlobalSection(SolutionProperties) = preSolution
		HideSolutionNode = FALSE
	EndGlobalSection
	GlobalSection(ExtensibilityGlobals) = postSolution
		SolutionGuid = {BCACFCBF-298A-4AA5-9DF6-0844CBA1C901}
	EndGlobalSection
EndGlobal
